
Microsoft Visual Studio Solution File, Format Version 12.00
# Visual Studio 15
VisualStudioVersion = 15.0.26730.15
MinimumVisualStudioVersion = 10.0.40219.1
Project("{FAE04EC0-301F-11D3-BF4B-00C04F79EFBC}") = "LoanLib", "LoanLib\LoanLib.csproj", "{0D67CDDE-AF94-4244-AD08-D3168E3F8402}"
EndProject
Project("{FAE04EC0-301F-11D3-BF4B-00C04F79EFBC}") = "TestConsoleApp", "TestConsoleApp\TestConsoleApp.csproj", "{21468AA4-86AE-4D06-A576-4142DCDFD3B5}"
EndProject
Project("{FAE04EC0-301F-11D3-BF4B-00C04F79EFBC}") = "LoanLibTests", "LoanLibTests\LoanLibTests.csproj", "{08ED100C-CCD6-4368-BC7F-B254A7ED707E}"
EndProject
Project("{9A19103F-16F7-4668-BE54-9A1E7A4F7556}") = "TestCoreWebApp", "TestCoreWebApp\TestCoreWebApp.csproj", "{F009BA36-A440-43D0-889D-E354E4864BB4}"
EndProject
Project("{FAE04EC0-301F-11D3-BF4B-00C04F79EFBC}") = "LoanInvestmentLib", "LoanInvestmentLib\LoanInvestmentLib.csproj", "{041E92D7-14A0-4542-9120-58071DDAB49D}"
EndProject
Global
	GlobalSection(SolutionConfigurationPlatforms) = preSolution
		Debug|Any CPU = Debug|Any CPU
		Release|Any CPU = Release|Any CPU
	EndGlobalSection
	GlobalSection(ProjectConfigurationPlatforms) = postSolution
		{0D67CDDE-AF94-4244-AD08-D3168E3F8402}.Debug|Any CPU.ActiveCfg = Debug|Any CPU
		{0D67CDDE-AF94-4244-AD08-D3168E3F8402}.Debug|Any CPU.Build.0 = Debug|Any CPU
		{0D67CDDE-AF94-4244-AD08-D3168E3F8402}.Release|Any CPU.ActiveCfg = Release|Any CPU
		{0D67CDDE-AF94-4244-AD08-D3168E3F8402}.Release|Any CPU.Build.0 = Release|Any CPU
		{21468AA4-86AE-4D06-A576-4142DCDFD3B5}.Debug|Any CPU.ActiveCfg = Debug|Any CPU
		{21468AA4-86AE-4D06-A576-4142DCDFD3B5}.Debug|Any CPU.Build.0 = Debug|Any CPU
		{21468AA4-86AE-4D06-A576-4142DCDFD3B5}.Release|Any CPU.ActiveCfg = Release|Any CPU
		{21468AA4-86AE-4D06-A576-4142DCDFD3B5}.Release|Any CPU.Build.0 = Release|Any CPU
		{08ED100C-CCD6-4368-BC7F-B254A7ED707E}.Debug|Any CPU.ActiveCfg = Debug|Any CPU
		{08ED100C-CCD6-4368-BC7F-B254A7ED707E}.Debug|Any CPU.Build.0 = Debug|Any CPU
		{08ED100C-CCD6-4368-BC7F-B254A7ED707E}.Release|Any CPU.ActiveCfg = Release|Any CPU
		{08ED100C-CCD6-4368-BC7F-B254A7ED707E}.Release|Any CPU.Build.0 = Release|Any CPU
		{F009BA36-A440-43D0-889D-E354E4864BB4}.Debug|Any CPU.ActiveCfg = Debug|Any CPU
		{F009BA36-A440-43D0-889D-E354E4864BB4}.Debug|Any CPU.Build.0 = Debug|Any CPU
		{F009BA36-A440-43D0-889D-E354E4864BB4}.Release|Any CPU.ActiveCfg = Release|Any CPU
		{F009BA36-A440-43D0-889D-E354E4864BB4}.Release|Any CPU.Build.0 = Release|Any CPU
		{041E92D7-14A0-4542-9120-58071DDAB49D}.Debug|Any CPU.ActiveCfg = Debug|Any CPU
		{041E92D7-14A0-4542-9120-58071DDAB49D}.Debug|Any CPU.Build.0 = Debug|Any CPU
		{041E92D7-14A0-4542-9120-58071DDAB49D}.Release|Any CPU.ActiveCfg = Release|Any CPU
		{041E92D7-14A0-4542-9120-58071DDAB49D}.Release|Any CPU.Build.0 = Release|Any CPU
	EndGlobalSection
	GlobalSection(SolutionProperties) = preSolution
		HideSolutionNode = FALSE
	EndGlobalSection
	GlobalSection(ExtensibilityGlobals) = postSolution
		SolutionGuid = {B912FCBE-E436-470F-B1F0-76A3DA134A74}
	EndGlobalSection
EndGlobal
